// !$*UTF8*$!
{
	archiveVersion = 1;
	classes = {
	};
	objectVersion = 55;
	objects = {

/* Begin PBXBuildFile section */
		12E9286427C252A900BF2ECD /* Westcoast_SwiftUI_ehildingApp.swift in Sources */ = {isa = PBXBuildFile; fileRef = 12E9286327C252A900BF2ECD /* Westcoast_SwiftUI_ehildingApp.swift */; };
		12E9286827C252AA00BF2ECD /* Assets.xcassets in Resources */ = {isa = PBXBuildFile; fileRef = 12E9286727C252AA00BF2ECD /* Assets.xcassets */; };
		12E9286B27C252AA00BF2ECD /* Preview Assets.xcassets in Resources */ = {isa = PBXBuildFile; fileRef = 12E9286A27C252AA00BF2ECD /* Preview Assets.xcassets */; };
		12E9287C27C2565E00BF2ECD /* HomeScreen.swift in Sources */ = {isa = PBXBuildFile; fileRef = 12E9287B27C2565E00BF2ECD /* HomeScreen.swift */; };
		12E9287E27C2566700BF2ECD /* WelcomeScreen.swift in Sources */ = {isa = PBXBuildFile; fileRef = 12E9287D27C2566700BF2ECD /* WelcomeScreen.swift */; };
		12E9288027C257F500BF2ECD /* CourseListsScreen.swift in Sources */ = {isa = PBXBuildFile; fileRef = 12E9287F27C257F500BF2ECD /* CourseListsScreen.swift */; };
		12E9288227C2597F00BF2ECD /* CategoryModel.swift in Sources */ = {isa = PBXBuildFile; fileRef = 12E9288127C2597F00BF2ECD /* CategoryModel.swift */; };
		12E9288427C2598900BF2ECD /* CourseModel.swift in Sources */ = {isa = PBXBuildFile; fileRef = 12E9288327C2598900BF2ECD /* CourseModel.swift */; };
		12E9288827C25DE900BF2ECD /* CategoryListViewModel.swift in Sources */ = {isa = PBXBuildFile; fileRef = 12E9288727C25DE900BF2ECD /* CategoryListViewModel.swift */; };
		12E9288A27C25EBC00BF2ECD /* CoursesListViewModel.swift in Sources */ = {isa = PBXBuildFile; fileRef = 12E9288927C25EBC00BF2ECD /* CoursesListViewModel.swift */; };
		12E9288C27C25F9000BF2ECD /* CategoryListView.swift in Sources */ = {isa = PBXBuildFile; fileRef = 12E9288B27C25F9000BF2ECD /* CategoryListView.swift */; };
		12E9288E27C260EA00BF2ECD /* CategoryCard.swift in Sources */ = {isa = PBXBuildFile; fileRef = 12E9288D27C260EA00BF2ECD /* CategoryCard.swift */; };
		12E9289427C2773D00BF2ECD /* CategoryService.swift in Sources */ = {isa = PBXBuildFile; fileRef = 12E9289327C2773D00BF2ECD /* CategoryService.swift */; };
		12E9289627C281E900BF2ECD /* CategoryListScreen.swift in Sources */ = {isa = PBXBuildFile; fileRef = 12E9289527C281E900BF2ECD /* CategoryListScreen.swift */; };
		12E928A227C29BFC00BF2ECD /* CourseListView.swift in Sources */ = {isa = PBXBuildFile; fileRef = 12E928A127C29BFC00BF2ECD /* CourseListView.swift */; };
		12E928A427C29C0600BF2ECD /* CourseCard.swift in Sources */ = {isa = PBXBuildFile; fileRef = 12E928A327C29C0600BF2ECD /* CourseCard.swift */; };
		12E928A927C2AC0700BF2ECD /* CourseDetailScreen.swift in Sources */ = {isa = PBXBuildFile; fileRef = 12E928A827C2AC0700BF2ECD /* CourseDetailScreen.swift */; };
		12E928AB27C2AC1D00BF2ECD /* CourseDetailView.swift in Sources */ = {isa = PBXBuildFile; fileRef = 12E928AA27C2AC1D00BF2ECD /* CourseDetailView.swift */; };
		12E928AD27C2D3DD00BF2ECD /* ProfileScreen.swift in Sources */ = {isa = PBXBuildFile; fileRef = 12E928AC27C2D3DD00BF2ECD /* ProfileScreen.swift */; };
/* End PBXBuildFile section */

/* Begin PBXFileReference section */
		12E9286027C252A900BF2ECD /* Westcoast_SwiftUI_ehilding.app */ = {isa = PBXFileReference; explicitFileType = wrapper.application; includeInIndex = 0; path = Westcoast_SwiftUI_ehilding.app; sourceTree = BUILT_PRODUCTS_DIR; };
		12E9286327C252A900BF2ECD /* Westcoast_SwiftUI_ehildingApp.swift */ = {isa = PBXFileReference; lastKnownFileType = sourcecode.swift; path = Westcoast_SwiftUI_ehildingApp.swift; sourceTree = "<group>"; };
		12E9286727C252AA00BF2ECD /* Assets.xcassets */ = {isa = PBXFileReference; lastKnownFileType = folder.assetcatalog; path = Assets.xcassets; sourceTree = "<group>"; };
		12E9286A27C252AA00BF2ECD /* Preview Assets.xcassets */ = {isa = PBXFileReference; lastKnownFileType = folder.assetcatalog; path = "Preview Assets.xcassets"; sourceTree = "<group>"; };
		12E9287B27C2565E00BF2ECD /* HomeScreen.swift */ = {isa = PBXFileReference; lastKnownFileType = sourcecode.swift; path = HomeScreen.swift; sourceTree = "<group>"; };
		12E9287D27C2566700BF2ECD /* WelcomeScreen.swift */ = {isa = PBXFileReference; lastKnownFileType = sourcecode.swift; path = WelcomeScreen.swift; sourceTree = "<group>"; };
		12E9287F27C257F500BF2ECD /* CourseListsScreen.swift */ = {isa = PBXFileReference; lastKnownFileType = sourcecode.swift; path = CourseListsScreen.swift; sourceTree = "<group>"; };
		12E9288127C2597F00BF2ECD /* CategoryModel.swift */ = {isa = PBXFileReference; lastKnownFileType = sourcecode.swift; path = CategoryModel.swift; sourceTree = "<group>"; };
		12E9288327C2598900BF2ECD /* CourseModel.swift */ = {isa = PBXFileReference; lastKnownFileType = sourcecode.swift; path = CourseModel.swift; sourceTree = "<group>"; };
		12E9288727C25DE900BF2ECD /* CategoryListViewModel.swift */ = {isa = PBXFileReference; lastKnownFileType = sourcecode.swift; path = CategoryListViewModel.swift; sourceTree = "<group>"; };
		12E9288927C25EBC00BF2ECD /* CoursesListViewModel.swift */ = {isa = PBXFileReference; lastKnownFileType = sourcecode.swift; path = CoursesListViewModel.swift; sourceTree = "<group>"; };
		12E9288B27C25F9000BF2ECD /* CategoryListView.swift */ = {isa = PBXFileReference; lastKnownFileType = sourcecode.swift; path = CategoryListView.swift; sourceTree = "<group>"; };
		12E9288D27C260EA00BF2ECD /* CategoryCard.swift */ = {isa = PBXFileReference; lastKnownFileType = sourcecode.swift; path = CategoryCard.swift; sourceTree = "<group>"; };
		12E9289327C2773D00BF2ECD /* CategoryService.swift */ = {isa = PBXFileReference; lastKnownFileType = sourcecode.swift; path = CategoryService.swift; sourceTree = "<group>"; };
		12E9289527C281E900BF2ECD /* CategoryListScreen.swift */ = {isa = PBXFileReference; lastKnownFileType = sourcecode.swift; path = CategoryListScreen.swift; sourceTree = "<group>"; };
		12E928A127C29BFC00BF2ECD /* CourseListView.swift */ = {isa = PBXFileReference; lastKnownFileType = sourcecode.swift; path = CourseListView.swift; sourceTree = "<group>"; };
		12E928A327C29C0600BF2ECD /* CourseCard.swift */ = {isa = PBXFileReference; lastKnownFileType = sourcecode.swift; path = CourseCard.swift; sourceTree = "<group>"; };
		12E928A827C2AC0700BF2ECD /* CourseDetailScreen.swift */ = {isa = PBXFileReference; lastKnownFileType = sourcecode.swift; path = CourseDetailScreen.swift; sourceTree = "<group>"; };
		12E928AA27C2AC1D00BF2ECD /* CourseDetailView.swift */ = {isa = PBXFileReference; lastKnownFileType = sourcecode.swift; path = CourseDetailView.swift; sourceTree = "<group>"; };
		12E928AC27C2D3DD00BF2ECD /* ProfileScreen.swift */ = {isa = PBXFileReference; lastKnownFileType = sourcecode.swift; path = ProfileScreen.swift; sourceTree = "<group>"; };
/* End PBXFileReference section */

/* Begin PBXFrameworksBuildPhase section */
		12E9285D27C252A900BF2ECD /* Frameworks */ = {
			isa = PBXFrameworksBuildPhase;
			buildActionMask = 2147483647;
			files = (
			);
			runOnlyForDeploymentPostprocessing = 0;
		};
/* End PBXFrameworksBuildPhase section */

/* Begin PBXGroup section */
		12E9285727C252A900BF2ECD = {
			isa = PBXGroup;
			children = (
				12E9286227C252A900BF2ECD /* Westcoast_SwiftUI_ehilding */,
				12E9286127C252A900BF2ECD /* Products */,
			);
			sourceTree = "<group>";
		};
		12E9286127C252A900BF2ECD /* Products */ = {
			isa = PBXGroup;
			children = (
				12E9286027C252A900BF2ECD /* Westcoast_SwiftUI_ehilding.app */,
			);
			name = Products;
			sourceTree = "<group>";
		};
		12E9286227C252A900BF2ECD /* Westcoast_SwiftUI_ehilding */ = {
			isa = PBXGroup;
			children = (
				12E9287127C2559A00BF2ECD /* Screens */,
				12E9287427C255AD00BF2ECD /* Views */,
				12E9287327C255A500BF2ECD /* ViewModels */,
				12E9289227C2773200BF2ECD /* Services */,
				12E9287227C2559F00BF2ECD /* Models */,
				12E9286327C252A900BF2ECD /* Westcoast_SwiftUI_ehildingApp.swift */,
				12E9286727C252AA00BF2ECD /* Assets.xcassets */,
				12E9286927C252AA00BF2ECD /* Preview Content */,
			);
			path = Westcoast_SwiftUI_ehilding;
			sourceTree = "<group>";
		};
		12E9286927C252AA00BF2ECD /* Preview Content */ = {
			isa = PBXGroup;
			children = (
				12E9286A27C252AA00BF2ECD /* Preview Assets.xcassets */,
			);
			path = "Preview Content";
			sourceTree = "<group>";
		};
		12E9287127C2559A00BF2ECD /* Screens */ = {
			isa = PBXGroup;
			children = (
				12E9287B27C2565E00BF2ECD /* HomeScreen.swift */,
				12E9287D27C2566700BF2ECD /* WelcomeScreen.swift */,
				12E9289527C281E900BF2ECD /* CategoryListScreen.swift */,
				12E9287F27C257F500BF2ECD /* CourseListsScreen.swift */,
				12E928A827C2AC0700BF2ECD /* CourseDetailScreen.swift */,
				12E928AC27C2D3DD00BF2ECD /* ProfileScreen.swift */,
			);
			path = Screens;
			sourceTree = "<group>";
		};
		12E9287227C2559F00BF2ECD /* Models */ = {
			isa = PBXGroup;
			children = (
				12E9288127C2597F00BF2ECD /* CategoryModel.swift */,
				12E9288327C2598900BF2ECD /* CourseModel.swift */,
			);
			path = Models;
			sourceTree = "<group>";
		};
		12E9287327C255A500BF2ECD /* ViewModels */ = {
			isa = PBXGroup;
			children = (
				12E9288727C25DE900BF2ECD /* CategoryListViewModel.swift */,
				12E9288927C25EBC00BF2ECD /* CoursesListViewModel.swift */,
			);
			path = ViewModels;
			sourceTree = "<group>";
		};
		12E9287427C255AD00BF2ECD /* Views */ = {
			isa = PBXGroup;
			children = (
				12E9288B27C25F9000BF2ECD /* CategoryListView.swift */,
				12E9288D27C260EA00BF2ECD /* CategoryCard.swift */,
				12E928A127C29BFC00BF2ECD /* CourseListView.swift */,
				12E928A327C29C0600BF2ECD /* CourseCard.swift */,
				12E928AA27C2AC1D00BF2ECD /* CourseDetailView.swift */,
			);
			path = Views;
			sourceTree = "<group>";
		};
		12E9289227C2773200BF2ECD /* Services */ = {
			isa = PBXGroup;
			children = (
				12E9289327C2773D00BF2ECD /* CategoryService.swift */,
			);
			path = Services;
			sourceTree = "<group>";
		};
/* End PBXGroup section */

/* Begin PBXNativeTarget section */
		12E9285F27C252A900BF2ECD /* Westcoast_SwiftUI_ehilding */ = {
			isa = PBXNativeTarget;
			buildConfigurationList = 12E9286E27C252AA00BF2ECD /* Build configuration list for PBXNativeTarget "Westcoast_SwiftUI_ehilding" */;
			buildPhases = (
				12E9285C27C252A900BF2ECD /* Sources */,
				12E9285D27C252A900BF2ECD /* Frameworks */,
				12E9285E27C252A900BF2ECD /* Resources */,
			);
			buildRules = (
			);
			dependencies = (
			);
			name = Westcoast_SwiftUI_ehilding;
			productName = Westcoast_SwiftUI_ehilding;
			productReference = 12E9286027C252A900BF2ECD /* Westcoast_SwiftUI_ehilding.app */;
			productType = "com.apple.product-type.application";
		};
/* End PBXNativeTarget section */

/* Begin PBXProject section */
		12E9285827C252A900BF2ECD /* Project object */ = {
			isa = PBXProject;
			attributes = {
				BuildIndependentTargetsInParallel = 1;
				LastSwiftUpdateCheck = 1320;
				LastUpgradeCheck = 1320;
				TargetAttributes = {
					12E9285F27C252A900BF2ECD = {
						CreatedOnToolsVersion = 13.2.1;
					};
				};
			};
			buildConfigurationList = 12E9285B27C252A900BF2ECD /* Build configuration list for PBXProject "Westcoast_SwiftUI_ehilding" */;
			compatibilityVersion = "Xcode 13.0";
			developmentRegion = en;
			hasScannedForEncodings = 0;
			knownRegions = (
				en,
				Base,
			);
			mainGroup = 12E9285727C252A900BF2ECD;
			productRefGroup = 12E9286127C252A900BF2ECD /* Products */;
			projectDirPath = "";
			projectRoot = "";
			targets = (
				12E9285F27C252A900BF2ECD /* Westcoast_SwiftUI_ehilding */,
			);
		};
/* End PBXProject section */

/* Begin PBXResourcesBuildPhase section */
		12E9285E27C252A900BF2ECD /* Resources */ = {
			isa = PBXResourcesBuildPhase;
			buildActionMask = 2147483647;
			files = (
				12E9286B27C252AA00BF2ECD /* Preview Assets.xcassets in Resources */,
				12E9286827C252AA00BF2ECD /* Assets.xcassets in Resources */,
			);
			runOnlyForDeploymentPostprocessing = 0;
		};
/* End PBXResourcesBuildPhase section */

/* Begin PBXSourcesBuildPhase section */
		12E9285C27C252A900BF2ECD /* Sources */ = {
			isa = PBXSourcesBuildPhase;
			buildActionMask = 2147483647;
			files = (
				12E9288427C2598900BF2ECD /* CourseModel.swift in Sources */,
				12E9286427C252A900BF2ECD /* Westcoast_SwiftUI_ehildingApp.swift in Sources */,
				12E9287E27C2566700BF2ECD /* WelcomeScreen.swift in Sources */,
				12E928AB27C2AC1D00BF2ECD /* CourseDetailView.swift in Sources */,
				12E9289427C2773D00BF2ECD /* CategoryService.swift in Sources */,
				12E928A427C29C0600BF2ECD /* CourseCard.swift in Sources */,
				12E928AD27C2D3DD00BF2ECD /* ProfileScreen.swift in Sources */,
				12E9288027C257F500BF2ECD /* CourseListsScreen.swift in Sources */,
				12E928A927C2AC0700BF2ECD /* CourseDetailScreen.swift in Sources */,
				12E9288C27C25F9000BF2ECD /* CategoryListView.swift in Sources */,
				12E9288827C25DE900BF2ECD /* CategoryListViewModel.swift in Sources */,
				12E9288227C2597F00BF2ECD /* CategoryModel.swift in Sources */,
				12E9288A27C25EBC00BF2ECD /* CoursesListViewModel.swift in Sources */,
				12E9289627C281E900BF2ECD /* CategoryListScreen.swift in Sources */,
				12E9288E27C260EA00BF2ECD /* CategoryCard.swift in Sources */,
				12E928A227C29BFC00BF2ECD /* CourseListView.swift in Sources */,
				12E9287C27C2565E00BF2ECD /* HomeScreen.swift in Sources */,
			);
			runOnlyForDeploymentPostprocessing = 0;
		};
/* End PBXSourcesBuildPhase section */

/* Begin XCBuildConfiguration section */
		12E9286C27C252AA00BF2ECD /* Debug */ = {
			isa = XCBuildConfiguration;
			buildSettings = {
				ALWAYS_SEARCH_USER_PATHS = NO;
				CLANG_ANALYZER_NONNULL = YES;
				CLANG_ANALYZER_NUMBER_OBJECT_CONVERSION = YES_AGGRESSIVE;
				CLANG_CXX_LANGUAGE_STANDARD = "gnu++17";
				CLANG_CXX_LIBRARY = "libc++";
				CLANG_ENABLE_MODULES = YES;
				CLANG_ENABLE_OBJC_ARC = YES;
				CLANG_ENABLE_OBJC_WEAK = YES;
				CLANG_WARN_BLOCK_CAPTURE_AUTORELEASING = YES;
				CLANG_WARN_BOOL_CONVERSION = YES;
				CLANG_WARN_COMMA = YES;
				CLANG_WARN_CONSTANT_CONVERSION = YES;
				CLANG_WARN_DEPRECATED_OBJC_IMPLEMENTATIONS = YES;
				CLANG_WARN_DIRECT_OBJC_ISA_USAGE = YES_ERROR;
				CLANG_WARN_DOCUMENTATION_COMMENTS = YES;
				CLANG_WARN_EMPTY_BODY = YES;
				CLANG_WARN_ENUM_CONVERSION = YES;
				CLANG_WARN_INFINITE_RECURSION = YES;
				CLANG_WARN_INT_CONVERSION = YES;
				CLANG_WARN_NON_LITERAL_NULL_CONVERSION = YES;
				CLANG_WARN_OBJC_IMPLICIT_RETAIN_SELF = YES;
				CLANG_WARN_OBJC_LITERAL_CONVERSION = YES;
				CLANG_WARN_OBJC_ROOT_CLASS = YES_ERROR;
				CLANG_WARN_QUOTED_INCLUDE_IN_FRAMEWORK_HEADER = YES;
				CLANG_WARN_RANGE_LOOP_ANALYSIS = YES;
				CLANG_WARN_STRICT_PROTOTYPES = YES;
				CLANG_WARN_SUSPICIOUS_MOVE = YES;
				CLANG_WARN_UNGUARDED_AVAILABILITY = YES_AGGRESSIVE;
				CLANG_WARN_UNREACHABLE_CODE = YES;
				CLANG_WARN__DUPLICATE_METHOD_MATCH = YES;
				COPY_PHASE_STRIP = NO;
				DEBUG_INFORMATION_FORMAT = dwarf;
				ENABLE_STRICT_OBJC_MSGSEND = YES;
				ENABLE_TESTABILITY = YES;
				GCC_C_LANGUAGE_STANDARD = gnu11;
				GCC_DYNAMIC_NO_PIC = NO;
				GCC_NO_COMMON_BLOCKS = YES;
				GCC_OPTIMIZATION_LEVEL = 0;
				GCC_PREPROCESSOR_DEFINITIONS = (
					"DEBUG=1",
					"$(inherited)",
				);
				GCC_WARN_64_TO_32_BIT_CONVERSION = YES;
				GCC_WARN_ABOUT_RETURN_TYPE = YES_ERROR;
				GCC_WARN_UNDECLARED_SELECTOR = YES;
				GCC_WARN_UNINITIALIZED_AUTOS = YES_AGGRESSIVE;
				GCC_WARN_UNUSED_FUNCTION = YES;
				GCC_WARN_UNUSED_VARIABLE = YES;
				IPHONEOS_DEPLOYMENT_TARGET = 15.2;
				MTL_ENABLE_DEBUG_INFO = INCLUDE_SOURCE;
				MTL_FAST_MATH = YES;
				ONLY_ACTIVE_ARCH = YES;
				SDKROOT = iphoneos;
				SWIFT_ACTIVE_COMPILATION_CONDITIONS = DEBUG;
				SWIFT_OPTIMIZATION_LEVEL = "-Onone";
			};
			name = Debug;
		};
		12E9286D27C252AA00BF2ECD /* Release */ = {
			isa = XCBuildConfiguration;
			buildSettings = {
				ALWAYS_SEARCH_USER_PATHS = NO;
				CLANG_ANALYZER_NONNULL = YES;
				CLANG_ANALYZER_NUMBER_OBJECT_CONVERSION = YES_AGGRESSIVE;
				CLANG_CXX_LANGUAGE_STANDARD = "gnu++17";
				CLANG_CXX_LIBRARY = "libc++";
				CLANG_ENABLE_MODULES = YES;
				CLANG_ENABLE_OBJC_ARC = YES;
				CLANG_ENABLE_OBJC_WEAK = YES;
				CLANG_WARN_BLOCK_CAPTURE_AUTORELEASING = YES;
				CLANG_WARN_BOOL_CONVERSION = YES;
				CLANG_WARN_COMMA = YES;
				CLANG_WARN_CONSTANT_CONVERSION = YES;
				CLANG_WARN_DEPRECATED_OBJC_IMPLEMENTATIONS = YES;
				CLANG_WARN_DIRECT_OBJC_ISA_USAGE = YES_ERROR;
				CLANG_WARN_DOCUMENTATION_COMMENTS = YES;
				CLANG_WARN_EMPTY_BODY = YES;
				CLANG_WARN_ENUM_CONVERSION = YES;
				CLANG_WARN_INFINITE_RECURSION = YES;
				CLANG_WARN_INT_CONVERSION = YES;
				CLANG_WARN_NON_LITERAL_NULL_CONVERSION = YES;
				CLANG_WARN_OBJC_IMPLICIT_RETAIN_SELF = YES;
				CLANG_WARN_OBJC_LITERAL_CONVERSION = YES;
				CLANG_WARN_OBJC_ROOT_CLASS = YES_ERROR;
				CLANG_WARN_QUOTED_INCLUDE_IN_FRAMEWORK_HEADER = YES;
				CLANG_WARN_RANGE_LOOP_ANALYSIS = YES;
				CLANG_WARN_STRICT_PROTOTYPES = YES;
				CLANG_WARN_SUSPICIOUS_MOVE = YES;
				CLANG_WARN_UNGUARDED_AVAILABILITY = YES_AGGRESSIVE;
				CLANG_WARN_UNREACHABLE_CODE = YES;
				CLANG_WARN__DUPLICATE_METHOD_MATCH = YES;
				COPY_PHASE_STRIP = NO;
				DEBUG_INFORMATION_FORMAT = "dwarf-with-dsym";
				ENABLE_NS_ASSERTIONS = NO;
				ENABLE_STRICT_OBJC_MSGSEND = YES;
				GCC_C_LANGUAGE_STANDARD = gnu11;
				GCC_NO_COMMON_BLOCKS = YES;
				GCC_WARN_64_TO_32_BIT_CONVERSION = YES;
				GCC_WARN_ABOUT_RETURN_TYPE = YES_ERROR;
				GCC_WARN_UNDECLARED_SELECTOR = YES;
				GCC_WARN_UNINITIALIZED_AUTOS = YES_AGGRESSIVE;
				GCC_WARN_UNUSED_FUNCTION = YES;
				GCC_WARN_UNUSED_VARIABLE = YES;
				IPHONEOS_DEPLOYMENT_TARGET = 15.2;
				MTL_ENABLE_DEBUG_INFO = NO;
				MTL_FAST_MATH = YES;
				SDKROOT = iphoneos;
				SWIFT_COMPILATION_MODE = wholemodule;
				SWIFT_OPTIMIZATION_LEVEL = "-O";
				VALIDATE_PRODUCT = YES;
			};
			name = Release;
		};
		12E9286F27C252AA00BF2ECD /* Debug */ = {
			isa = XCBuildConfiguration;
			buildSettings = {
				ASSETCATALOG_COMPILER_APPICON_NAME = AppIcon;
				ASSETCATALOG_COMPILER_GLOBAL_ACCENT_COLOR_NAME = AccentColor;
				CODE_SIGN_STYLE = Automatic;
				CURRENT_PROJECT_VERSION = 1;
				DEVELOPMENT_ASSET_PATHS = "\"Westcoast_SwiftUI_ehilding/Preview Content\"";
				ENABLE_PREVIEWS = YES;
				GENERATE_INFOPLIST_FILE = YES;
				INFOPLIST_KEY_UIApplicationSceneManifest_Generation = YES;
				INFOPLIST_KEY_UIApplicationSupportsIndirectInputEvents = YES;
				INFOPLIST_KEY_UILaunchScreen_Generation = YES;
				INFOPLIST_KEY_UISupportedInterfaceOrientations_iPad = "UIInterfaceOrientationPortrait UIInterfaceOrientationPortraitUpsideDown UIInterfaceOrientationLandscapeLeft UIInterfaceOrientationLandscapeRight";
				INFOPLIST_KEY_UISupportedInterfaceOrientations_iPhone = "UIInterfaceOrientationPortrait UIInterfaceOrientationLandscapeLeft UIInterfaceOrientationLandscapeRight";
				LD_RUNPATH_SEARCH_PATHS = (
					"$(inherited)",
					"@executable_path/Frameworks",
				);
				MARKETING_VERSION = 1.0;
				PRODUCT_BUNDLE_IDENTIFIER = "se.ehilding.Westcoast-SwiftUI-ehilding";
				PRODUCT_NAME = "$(TARGET_NAME)";
				SWIFT_EMIT_LOC_STRINGS = YES;
				SWIFT_VERSION = 5.0;
				TARGETED_DEVICE_FAMILY = "1,2";
			};
			name = Debug;
		};
		12E9287027C252AA00BF2ECD /* Release */ = {
			isa = XCBuildConfiguration;
			buildSettings = {
				ASSETCATALOG_COMPILER_APPICON_NAME = AppIcon;
				ASSETCATALOG_COMPILER_GLOBAL_ACCENT_COLOR_NAME = AccentColor;
				CODE_SIGN_STYLE = Automatic;
				CURRENT_PROJECT_VERSION = 1;
				DEVELOPMENT_ASSET_PATHS = "\"Westcoast_SwiftUI_ehilding/Preview Content\"";
				ENABLE_PREVIEWS = YES;
				GENERATE_INFOPLIST_FILE = YES;
				INFOPLIST_KEY_UIApplicationSceneManifest_Generation = YES;
				INFOPLIST_KEY_UIApplicationSupportsIndirectInputEvents = YES;
				INFOPLIST_KEY_UILaunchScreen_Generation = YES;
				INFOPLIST_KEY_UISupportedInterfaceOrientations_iPad = "UIInterfaceOrientationPortrait UIInterfaceOrientationPortraitUpsideDown UIInterfaceOrientationLandscapeLeft UIInterfaceOrientationLandscapeRight";
				INFOPLIST_KEY_UISupportedInterfaceOrientations_iPhone = "UIInterfaceOrientationPortrait UIInterfaceOrientationLandscapeLeft UIInterfaceOrientationLandscapeRight";
				LD_RUNPATH_SEARCH_PATHS = (
					"$(inherited)",
					"@executable_path/Frameworks",
				);
				MARKETING_VERSION = 1.0;
				PRODUCT_BUNDLE_IDENTIFIER = "se.ehilding.Westcoast-SwiftUI-ehilding";
				PRODUCT_NAME = "$(TARGET_NAME)";
				SWIFT_EMIT_LOC_STRINGS = YES;
				SWIFT_VERSION = 5.0;
				TARGETED_DEVICE_FAMILY = "1,2";
			};
			name = Release;
		};
/* End XCBuildConfiguration section */

/* Begin XCConfigurationList section */
		12E9285B27C252A900BF2ECD /* Build configuration list for PBXProject "Westcoast_SwiftUI_ehilding" */ = {
			isa = XCConfigurationList;
			buildConfigurations = (
				12E9286C27C252AA00BF2ECD /* Debug */,
				12E9286D27C252AA00BF2ECD /* Release */,
			);
			defaultConfigurationIsVisible = 0;
			defaultConfigurationName = Release;
		};
		12E9286E27C252AA00BF2ECD /* Build configuration list for PBXNativeTarget "Westcoast_SwiftUI_ehilding" */ = {
			isa = XCConfigurationList;
			buildConfigurations = (
				12E9286F27C252AA00BF2ECD /* Debug */,
				12E9287027C252AA00BF2ECD /* Release */,
			);
			defaultConfigurationIsVisible = 0;
			defaultConfigurationName = Release;
		};
/* End XCConfigurationList section */
	};
	rootObject = 12E9285827C252A900BF2ECD /* Project object */;
}
